DEPENDENCIES
  aws
  aws_security
  chef-gcd
    path: .
    metadata: true
  chef-server
  route53 (~> 0.4.4)

GRAPH
  apt (4.0.0)
    compat_resource (>= 0.0.0)
  ark (1.1.0)
    build-essential (>= 0.0.0)
    seven_zip (>= 0.0.0)
    windows (>= 0.0.0)
  aws (3.3.3)
    ohai (>= 2.1.0)
  aws_security (0.1.4)
    fog_gem (>= 0.0.0)
  build-essential (6.0.0)
    compat_resource (>= 12.10)
    mingw (>= 1.1)
    seven_zip (>= 0.0.0)
  chef-gcd (0.1.1)
  chef-ingredient (0.18.5)
  chef-server (5.0.1)
    chef-ingredient (>= 0.18.0)
  chef-sugar (3.3.0)
  chef_handler (1.4.0)
  compat_resource (12.10.6)
  fog_gem (0.1.1)
    apt (>= 0.0.0)
    nokogiri (>= 0.0.0)
    yum (>= 0.0.0)
  libxml2 (0.1.1)
    apt (>= 0.0.0)
    yum (>= 0.0.0)
  mingw (1.2.0)
    compat_resource (>= 0.0.0)
    seven_zip (>= 0.0.0)
  nokogiri (0.1.4)
    build-essential (>= 0.0.0)
    libxml2 (>= 0.0.0)
    ruby_install (>= 0.0.0)
  ohai (4.1.0)
    compat_resource (>= 12.9.0)
  route53 (0.4.4)
    xml (>= 0.0.0)
  ruby_install (1.0.5)
    apt (>= 0.0.0)
    ark (>= 0.0.0)
    yum (>= 0.0.0)
  seven_zip (2.0.1)
    windows (>= 1.2.2)
  windows (1.43.0)
    chef_handler (>= 0.0.0)
  xml (2.0.0)
    build-essential (>= 0.0.0)
    chef-sugar (>= 0.0.0)
  yum (3.11.0)
